// !$*UTF8*$!
{
	archiveVersion = 1;
	classes = {
	};
	objectVersion = 46;
	objects = {

/* Begin PBXBuildFile section */
		750F7A49228E022300CA7E01 /* PHNAlbumListTableViewCell.xib in Resources */ = {isa = PBXBuildFile; fileRef = 750F7A48228E022300CA7E01 /* PHNAlbumListTableViewCell.xib */; };
		751A7D3A22F8D67000F612DD /* AppDelegate.swift in Sources */ = {isa = PBXBuildFile; fileRef = 751A7D3922F8D67000F612DD /* AppDelegate.swift */; };
		751ADCAD22E8BF950053EC90 /* PHNHudView.swift in Sources */ = {isa = PBXBuildFile; fileRef = 751ADCAC22E8BF950053EC90 /* PHNHudView.swift */; };
		751AE8B822D7CB75007CF2FE /* PHNGalleryViewController.swift in Sources */ = {isa = PBXBuildFile; fileRef = 751AE8B722D7CB75007CF2FE /* PHNGalleryViewController.swift */; };
		751F2DF522D804A500DDCBEF /* PHNPhotoCell.swift in Sources */ = {isa = PBXBuildFile; fileRef = 751F2DF322D804A500DDCBEF /* PHNPhotoCell.swift */; };
		751F2DF622D804A500DDCBEF /* PHNPhotoCell.xib in Resources */ = {isa = PBXBuildFile; fileRef = 751F2DF422D804A500DDCBEF /* PHNPhotoCell.xib */; };
		752A624B22DD27F800E4A84D /* PHNPageImageViewController.swift in Sources */ = {isa = PBXBuildFile; fileRef = 752A624A22DD27F800E4A84D /* PHNPageImageViewController.swift */; };
		752A624D22E0C03400E4A84D /* PHNFullImageViewController.xib in Resources */ = {isa = PBXBuildFile; fileRef = 752A624C22E0C03300E4A84D /* PHNFullImageViewController.xib */; };
		752A624F22E0E0B900E4A84D /* PHNFullImageViewController.swift in Sources */ = {isa = PBXBuildFile; fileRef = 752A624E22E0E0B900E4A84D /* PHNFullImageViewController.swift */; };
		7540EA8E22C67CE60000D60E /* PHNAlbumsTableViewController.swift in Sources */ = {isa = PBXBuildFile; fileRef = 7540EA8D22C67CE60000D60E /* PHNAlbumsTableViewController.swift */; };
		7540EA9022C67EEB0000D60E /* PhotoNote.swift in Sources */ = {isa = PBXBuildFile; fileRef = 7540EA8F22C67EEB0000D60E /* PhotoNote.swift */; };
		7540EA9222CA7A430000D60E /* PHNPhotoAlbum.swift in Sources */ = {isa = PBXBuildFile; fileRef = 7540EA9122CA7A430000D60E /* PHNPhotoAlbum.swift */; };
		7540EA9422CABD630000D60E /* PHNAlbumManager.swift in Sources */ = {isa = PBXBuildFile; fileRef = 7540EA9322CABD630000D60E /* PHNAlbumManager.swift */; };
		7540EA9622CC0DD20000D60E /* PHNFileSerializer.swift in Sources */ = {isa = PBXBuildFile; fileRef = 7540EA9522CC0DD20000D60E /* PHNFileSerializer.swift */; };
		7540EA9822CC172E0000D60E /* PHNServices.swift in Sources */ = {isa = PBXBuildFile; fileRef = 7540EA9722CC172E0000D60E /* PHNServices.swift */; };
		7540EA9A22CD07C50000D60E /* PHNCache.swift in Sources */ = {isa = PBXBuildFile; fileRef = 7540EA9922CD07C50000D60E /* PHNCache.swift */; };
		7540EA9C22CD545C0000D60E /* PHNAlbumListTableViewCell.swift in Sources */ = {isa = PBXBuildFile; fileRef = 7540EA9B22CD545C0000D60E /* PHNAlbumListTableViewCell.swift */; };
		7540EA9E22CD5D180000D60E /* PHNPopoverViewController.swift in Sources */ = {isa = PBXBuildFile; fileRef = 7540EA9D22CD5D180000D60E /* PHNPopoverViewController.swift */; };
		7540EAA022CFA8AE0000D60E /* PHNPopoverViewController.xib in Resources */ = {isa = PBXBuildFile; fileRef = 7540EA9F22CFA8AE0000D60E /* PHNPopoverViewController.xib */; };
		7540EAAC22CFCA030000D60E /* PHNAlbumPickerViewController.swift in Sources */ = {isa = PBXBuildFile; fileRef = 7540EAAA22CFCA030000D60E /* PHNAlbumPickerViewController.swift */; };
		7540EAAD22CFCA030000D60E /* PHNAlbumPickerViewController.xib in Resources */ = {isa = PBXBuildFile; fileRef = 7540EAAB22CFCA030000D60E /* PHNAlbumPickerViewController.xib */; };
		758F55191E22AAC40023F869 /* IconStoryboard.storyboard in Resources */ = {isa = PBXBuildFile; fileRef = 758F55181E22AAC40023F869 /* IconStoryboard.storyboard */; };
		75AAA4B223F2F9FA00F30F74 /* NetworkReachability.swift in Sources */ = {isa = PBXBuildFile; fileRef = 75AAA4B123F2F9FA00F30F74 /* NetworkReachability.swift */; };
		75AD4BB9250DE944005990CC /* PHNConfig.swift in Sources */ = {isa = PBXBuildFile; fileRef = 75AD4BB8250DE944005990CC /* PHNConfig.swift */; };
		75AD4BBB250E70A4005990CC /* PHNAlbumsListViewModel.swift in Sources */ = {isa = PBXBuildFile; fileRef = 75AD4BBA250E70A4005990CC /* PHNAlbumsListViewModel.swift */; };
		75AD4BBD250E7481005990CC /* PHNUser.swift in Sources */ = {isa = PBXBuildFile; fileRef = 75AD4BBC250E7481005990CC /* PHNUser.swift */; };
		75BD865A22F4E232006F4B91 /* PHNGrabCell.swift in Sources */ = {isa = PBXBuildFile; fileRef = 75BD865922F4E232006F4B91 /* PHNGrabCell.swift */; };
		75BD865C22F73F12006F4B91 /* PHNAlbumDetailViewController.swift in Sources */ = {isa = PBXBuildFile; fileRef = 75BD865B22F73F12006F4B91 /* PHNAlbumDetailViewController.swift */; };
		75BD865E22F78721006F4B91 /* PHNSettingsViewController.swift in Sources */ = {isa = PBXBuildFile; fileRef = 75BD865D22F78721006F4B91 /* PHNSettingsViewController.swift */; };
		75D22596275ABCBE003D6EAD /* PHNAlbumsViewController.swift in Sources */ = {isa = PBXBuildFile; fileRef = 75D22595275ABCBE003D6EAD /* PHNAlbumsViewController.swift */; };
		75D22598275ABE59003D6EAD /* PHNAlbumsViewModel.swift in Sources */ = {isa = PBXBuildFile; fileRef = 75D22597275ABE59003D6EAD /* PHNAlbumsViewModel.swift */; };
		75D6431F22F3918B00AD6528 /* PHNImportAlbumsViewController.swift in Sources */ = {isa = PBXBuildFile; fileRef = 75D6431E22F3918B00AD6528 /* PHNImportAlbumsViewController.swift */; };
		75D6433F22F4BF1E00AD6528 /* PHNPhotoGrabViewController.swift in Sources */ = {isa = PBXBuildFile; fileRef = 75D6433E22F4BF1E00AD6528 /* PHNPhotoGrabViewController.swift */; };
		840852A61B5DA49E00664849 /* no_image.jpg in Resources */ = {isa = PBXBuildFile; fileRef = 840852A51B5DA49E00664849 /* no_image.jpg */; };
		84A769601ADAE39F00DE6741 /* Main.storyboard in Resources */ = {isa = PBXBuildFile; fileRef = 84A7695E1ADAE39F00DE6741 /* Main.storyboard */; };
		84A769621ADAE39F00DE6741 /* Images.xcassets in Resources */ = {isa = PBXBuildFile; fileRef = 84A769611ADAE39F00DE6741 /* Images.xcassets */; };
		84A769711ADAE3A000DE6741 /* Unroll2Tests.m in Sources */ = {isa = PBXBuildFile; fileRef = 84A769701ADAE3A000DE6741 /* Unroll2Tests.m */; };
/* End PBXBuildFile section */

/* Begin PBXContainerItemProxy section */
		84A7696B1ADAE3A000DE6741 /* PBXContainerItemProxy */ = {
			isa = PBXContainerItemProxy;
			containerPortal = 84A769491ADAE39F00DE6741 /* Project object */;
			proxyType = 1;
			remoteGlobalIDString = 84A769501ADAE39F00DE6741;
			remoteInfo = Unroll2;
		};
/* End PBXContainerItemProxy section */

/* Begin PBXFileReference section */
		750F7A48228E022300CA7E01 /* PHNAlbumListTableViewCell.xib */ = {isa = PBXFileReference; lastKnownFileType = file.xib; path = PHNAlbumListTableViewCell.xib; sourceTree = "<group>"; };
		751A7D3922F8D67000F612DD /* AppDelegate.swift */ = {isa = PBXFileReference; lastKnownFileType = sourcecode.swift; path = AppDelegate.swift; sourceTree = "<group>"; };
		751ADCAC22E8BF950053EC90 /* PHNHudView.swift */ = {isa = PBXFileReference; lastKnownFileType = sourcecode.swift; path = PHNHudView.swift; sourceTree = "<group>"; };
		751AE8B722D7CB75007CF2FE /* PHNGalleryViewController.swift */ = {isa = PBXFileReference; lastKnownFileType = sourcecode.swift; path = PHNGalleryViewController.swift; sourceTree = "<group>"; };
		751F2DF322D804A500DDCBEF /* PHNPhotoCell.swift */ = {isa = PBXFileReference; lastKnownFileType = sourcecode.swift; path = PHNPhotoCell.swift; sourceTree = "<group>"; };
		751F2DF422D804A500DDCBEF /* PHNPhotoCell.xib */ = {isa = PBXFileReference; lastKnownFileType = file.xib; path = PHNPhotoCell.xib; sourceTree = "<group>"; };
		752A624A22DD27F800E4A84D /* PHNPageImageViewController.swift */ = {isa = PBXFileReference; lastKnownFileType = sourcecode.swift; path = PHNPageImageViewController.swift; sourceTree = "<group>"; };
		752A624C22E0C03300E4A84D /* PHNFullImageViewController.xib */ = {isa = PBXFileReference; lastKnownFileType = file.xib; path = PHNFullImageViewController.xib; sourceTree = "<group>"; };
		752A624E22E0E0B900E4A84D /* PHNFullImageViewController.swift */ = {isa = PBXFileReference; lastKnownFileType = sourcecode.swift; path = PHNFullImageViewController.swift; sourceTree = "<group>"; };
		7540EA8D22C67CE60000D60E /* PHNAlbumsTableViewController.swift */ = {isa = PBXFileReference; lastKnownFileType = sourcecode.swift; path = PHNAlbumsTableViewController.swift; sourceTree = "<group>"; };
		7540EA8F22C67EEB0000D60E /* PhotoNote.swift */ = {isa = PBXFileReference; lastKnownFileType = sourcecode.swift; path = PhotoNote.swift; sourceTree = "<group>"; };
		7540EA9122CA7A430000D60E /* PHNPhotoAlbum.swift */ = {isa = PBXFileReference; lastKnownFileType = sourcecode.swift; path = PHNPhotoAlbum.swift; sourceTree = "<group>"; };
		7540EA9322CABD630000D60E /* PHNAlbumManager.swift */ = {isa = PBXFileReference; lastKnownFileType = sourcecode.swift; path = PHNAlbumManager.swift; sourceTree = "<group>"; };
		7540EA9522CC0DD20000D60E /* PHNFileSerializer.swift */ = {isa = PBXFileReference; lastKnownFileType = sourcecode.swift; path = PHNFileSerializer.swift; sourceTree = "<group>"; };
		7540EA9722CC172E0000D60E /* PHNServices.swift */ = {isa = PBXFileReference; lastKnownFileType = sourcecode.swift; path = PHNServices.swift; sourceTree = "<group>"; };
		7540EA9922CD07C50000D60E /* PHNCache.swift */ = {isa = PBXFileReference; lastKnownFileType = sourcecode.swift; path = PHNCache.swift; sourceTree = "<group>"; };
		7540EA9B22CD545C0000D60E /* PHNAlbumListTableViewCell.swift */ = {isa = PBXFileReference; lastKnownFileType = sourcecode.swift; path = PHNAlbumListTableViewCell.swift; sourceTree = "<group>"; };
		7540EA9D22CD5D180000D60E /* PHNPopoverViewController.swift */ = {isa = PBXFileReference; lastKnownFileType = sourcecode.swift; path = PHNPopoverViewController.swift; sourceTree = "<group>"; };
		7540EA9F22CFA8AE0000D60E /* PHNPopoverViewController.xib */ = {isa = PBXFileReference; lastKnownFileType = file.xib; path = PHNPopoverViewController.xib; sourceTree = "<group>"; };
		7540EAAA22CFCA030000D60E /* PHNAlbumPickerViewController.swift */ = {isa = PBXFileReference; lastKnownFileType = sourcecode.swift; path = PHNAlbumPickerViewController.swift; sourceTree = "<group>"; };
		7540EAAB22CFCA030000D60E /* PHNAlbumPickerViewController.xib */ = {isa = PBXFileReference; lastKnownFileType = file.xib; path = PHNAlbumPickerViewController.xib; sourceTree = "<group>"; };
		758F55181E22AAC40023F869 /* IconStoryboard.storyboard */ = {isa = PBXFileReference; fileEncoding = 4; lastKnownFileType = file.storyboard; path = IconStoryboard.storyboard; sourceTree = "<group>"; };
		75AAA4B123F2F9FA00F30F74 /* NetworkReachability.swift */ = {isa = PBXFileReference; lastKnownFileType = sourcecode.swift; path = NetworkReachability.swift; sourceTree = "<group>"; };
		75AD4BB8250DE944005990CC /* PHNConfig.swift */ = {isa = PBXFileReference; lastKnownFileType = sourcecode.swift; path = PHNConfig.swift; sourceTree = "<group>"; };
		75AD4BBA250E70A4005990CC /* PHNAlbumsListViewModel.swift */ = {isa = PBXFileReference; lastKnownFileType = sourcecode.swift; path = PHNAlbumsListViewModel.swift; sourceTree = "<group>"; };
		75AD4BBC250E7481005990CC /* PHNUser.swift */ = {isa = PBXFileReference; lastKnownFileType = sourcecode.swift; path = PHNUser.swift; sourceTree = "<group>"; };
		75BD865922F4E232006F4B91 /* PHNGrabCell.swift */ = {isa = PBXFileReference; lastKnownFileType = sourcecode.swift; path = PHNGrabCell.swift; sourceTree = "<group>"; };
		75BD865B22F73F12006F4B91 /* PHNAlbumDetailViewController.swift */ = {isa = PBXFileReference; lastKnownFileType = sourcecode.swift; path = PHNAlbumDetailViewController.swift; sourceTree = "<group>"; };
		75BD865D22F78721006F4B91 /* PHNSettingsViewController.swift */ = {isa = PBXFileReference; lastKnownFileType = sourcecode.swift; path = PHNSettingsViewController.swift; sourceTree = "<group>"; };
		75D22595275ABCBE003D6EAD /* PHNAlbumsViewController.swift */ = {isa = PBXFileReference; lastKnownFileType = sourcecode.swift; path = PHNAlbumsViewController.swift; sourceTree = "<group>"; };
		75D22597275ABE59003D6EAD /* PHNAlbumsViewModel.swift */ = {isa = PBXFileReference; lastKnownFileType = sourcecode.swift; path = PHNAlbumsViewModel.swift; sourceTree = "<group>"; };
		75D6431E22F3918B00AD6528 /* PHNImportAlbumsViewController.swift */ = {isa = PBXFileReference; lastKnownFileType = sourcecode.swift; path = PHNImportAlbumsViewController.swift; sourceTree = "<group>"; };
		75D6433E22F4BF1E00AD6528 /* PHNPhotoGrabViewController.swift */ = {isa = PBXFileReference; lastKnownFileType = sourcecode.swift; path = PHNPhotoGrabViewController.swift; sourceTree = "<group>"; };
		840852A51B5DA49E00664849 /* no_image.jpg */ = {isa = PBXFileReference; lastKnownFileType = image.jpeg; path = no_image.jpg; sourceTree = "<group>"; };
		84A769511ADAE39F00DE6741 /* Unroll2.app */ = {isa = PBXFileReference; explicitFileType = wrapper.application; includeInIndex = 0; path = Unroll2.app; sourceTree = BUILT_PRODUCTS_DIR; };
		84A769551ADAE39F00DE6741 /* Info.plist */ = {isa = PBXFileReference; lastKnownFileType = text.plist.xml; path = Info.plist; sourceTree = "<group>"; };
		84A769561ADAE39F00DE6741 /* main.m */ = {isa = PBXFileReference; lastKnownFileType = sourcecode.c.objc; path = main.m; sourceTree = "<group>"; };
		84A7695F1ADAE39F00DE6741 /* Base */ = {isa = PBXFileReference; lastKnownFileType = file.storyboard; name = Base; path = Base.lproj/Main.storyboard; sourceTree = "<group>"; };
		84A769611ADAE39F00DE6741 /* Images.xcassets */ = {isa = PBXFileReference; lastKnownFileType = folder.assetcatalog; path = Images.xcassets; sourceTree = "<group>"; };
		84A7696A1ADAE3A000DE6741 /* Unroll2Tests.xctest */ = {isa = PBXFileReference; explicitFileType = wrapper.cfbundle; includeInIndex = 0; path = Unroll2Tests.xctest; sourceTree = BUILT_PRODUCTS_DIR; };
		84A7696F1ADAE3A000DE6741 /* Info.plist */ = {isa = PBXFileReference; lastKnownFileType = text.plist.xml; path = Info.plist; sourceTree = "<group>"; };
		84A769701ADAE3A000DE6741 /* Unroll2Tests.m */ = {isa = PBXFileReference; lastKnownFileType = sourcecode.c.objc; path = Unroll2Tests.m; sourceTree = "<group>"; };
/* End PBXFileReference section */

/* Begin PBXFrameworksBuildPhase section */
		84A7694E1ADAE39F00DE6741 /* Frameworks */ = {
			isa = PBXFrameworksBuildPhase;
			buildActionMask = 2147483647;
			files = (
			);
			runOnlyForDeploymentPostprocessing = 0;
		};
		84A769671ADAE3A000DE6741 /* Frameworks */ = {
			isa = PBXFrameworksBuildPhase;
			buildActionMask = 2147483647;
			files = (
			);
			runOnlyForDeploymentPostprocessing = 0;
		};
/* End PBXFrameworksBuildPhase section */

/* Begin PBXGroup section */
		751497D72176904B001E6D52 /* Image Import */ = {
			isa = PBXGroup;
			children = (
				75D6431E22F3918B00AD6528 /* PHNImportAlbumsViewController.swift */,
				75D6433E22F4BF1E00AD6528 /* PHNPhotoGrabViewController.swift */,
			);
			name = "Image Import";
			sourceTree = "<group>";
		};
		7561EDD62033197F00F99E3F /* App Wide */ = {
			isa = PBXGroup;
			children = (
				84A7695E1ADAE39F00DE6741 /* Main.storyboard */,
				751A7D3922F8D67000F612DD /* AppDelegate.swift */,
				75AD4BB8250DE944005990CC /* PHNConfig.swift */,
				75AD4BBC250E7481005990CC /* PHNUser.swift */,
			);
			name = "App Wide";
			sourceTree = "<group>";
		};
		7561EDD720331CE500F99E3F /* Album List */ = {
			isa = PBXGroup;
			children = (
				75D22597275ABE59003D6EAD /* PHNAlbumsViewModel.swift */,
				75D22595275ABCBE003D6EAD /* PHNAlbumsViewController.swift */,
				7540EA8D22C67CE60000D60E /* PHNAlbumsTableViewController.swift */,
				75AD4BBA250E70A4005990CC /* PHNAlbumsListViewModel.swift */,
				75BD865B22F73F12006F4B91 /* PHNAlbumDetailViewController.swift */,
				75BD865D22F78721006F4B91 /* PHNSettingsViewController.swift */,
				7540EA9D22CD5D180000D60E /* PHNPopoverViewController.swift */,
				7540EA9F22CFA8AE0000D60E /* PHNPopoverViewController.xib */,
			);
			name = "Album List";
			sourceTree = "<group>";
		};
		7561EDD820331CFE00F99E3F /* Album */ = {
			isa = PBXGroup;
			children = (
				751AE8B722D7CB75007CF2FE /* PHNGalleryViewController.swift */,
				7540EAAA22CFCA030000D60E /* PHNAlbumPickerViewController.swift */,
				7540EAAB22CFCA030000D60E /* PHNAlbumPickerViewController.xib */,
				752A624A22DD27F800E4A84D /* PHNPageImageViewController.swift */,
				752A624E22E0E0B900E4A84D /* PHNFullImageViewController.swift */,
				752A624C22E0C03300E4A84D /* PHNFullImageViewController.xib */,
			);
			name = Album;
			sourceTree = "<group>";
		};
		845B92201AF94BC400365239 /* Cells */ = {
			isa = PBXGroup;
			children = (
				751F2DF322D804A500DDCBEF /* PHNPhotoCell.swift */,
				751F2DF422D804A500DDCBEF /* PHNPhotoCell.xib */,
				75BD865922F4E232006F4B91 /* PHNGrabCell.swift */,
				7540EA9B22CD545C0000D60E /* PHNAlbumListTableViewCell.swift */,
				750F7A48228E022300CA7E01 /* PHNAlbumListTableViewCell.xib */,
				751ADCAC22E8BF950053EC90 /* PHNHudView.swift */,
			);
			name = Cells;
			sourceTree = "<group>";
		};
		845B92211AF94C9C00365239 /* Data Objects */ = {
			isa = PBXGroup;
			children = (
				7540EA9322CABD630000D60E /* PHNAlbumManager.swift */,
				7540EA9122CA7A430000D60E /* PHNPhotoAlbum.swift */,
				7540EA8F22C67EEB0000D60E /* PhotoNote.swift */,
			);
			name = "Data Objects";
			sourceTree = "<group>";
		};
		84A769481ADAE39F00DE6741 = {
			isa = PBXGroup;
			children = (
				84A769531ADAE39F00DE6741 /* Unroll2 */,
				84A7696D1ADAE3A000DE6741 /* Unroll2Tests */,
				84A769521ADAE39F00DE6741 /* Products */,
			);
			sourceTree = "<group>";
		};
		84A769521ADAE39F00DE6741 /* Products */ = {
			isa = PBXGroup;
			children = (
				84A769511ADAE39F00DE6741 /* Unroll2.app */,
				84A7696A1ADAE3A000DE6741 /* Unroll2Tests.xctest */,
			);
			name = Products;
			sourceTree = "<group>";
		};
		84A769531ADAE39F00DE6741 /* Unroll2 */ = {
			isa = PBXGroup;
			children = (
				7561EDD62033197F00F99E3F /* App Wide */,
				7561EDD720331CE500F99E3F /* Album List */,
				7561EDD820331CFE00F99E3F /* Album */,
				751497D72176904B001E6D52 /* Image Import */,
				845B92201AF94BC400365239 /* Cells */,
				84A769541ADAE39F00DE6741 /* Supporting Files */,
				845B92211AF94C9C00365239 /* Data Objects */,
			);
			path = Unroll2;
			sourceTree = "<group>";
		};
		84A769541ADAE39F00DE6741 /* Supporting Files */ = {
			isa = PBXGroup;
			children = (
				7540EA9722CC172E0000D60E /* PHNServices.swift */,
				7540EA9522CC0DD20000D60E /* PHNFileSerializer.swift */,
				7540EA9922CD07C50000D60E /* PHNCache.swift */,
				758F55181E22AAC40023F869 /* IconStoryboard.storyboard */,
				84A769611ADAE39F00DE6741 /* Images.xcassets */,
				84A769551ADAE39F00DE6741 /* Info.plist */,
				84A769561ADAE39F00DE6741 /* main.m */,
				840852A51B5DA49E00664849 /* no_image.jpg */,
				75AAA4B123F2F9FA00F30F74 /* NetworkReachability.swift */,
			);
			name = "Supporting Files";
			sourceTree = "<group>";
		};
		84A7696D1ADAE3A000DE6741 /* Unroll2Tests */ = {
			isa = PBXGroup;
			children = (
				84A769701ADAE3A000DE6741 /* Unroll2Tests.m */,
				84A7696E1ADAE3A000DE6741 /* Supporting Files */,
			);
			path = Unroll2Tests;
			sourceTree = "<group>";
		};
		84A7696E1ADAE3A000DE6741 /* Supporting Files */ = {
			isa = PBXGroup;
			children = (
				84A7696F1ADAE3A000DE6741 /* Info.plist */,
			);
			name = "Supporting Files";
			sourceTree = "<group>";
		};
/* End PBXGroup section */

/* Begin PBXNativeTarget section */
		84A769501ADAE39F00DE6741 /* Unroll2 */ = {
			isa = PBXNativeTarget;
			buildConfigurationList = 84A769741ADAE3A000DE6741 /* Build configuration list for PBXNativeTarget "Unroll2" */;
			buildPhases = (
				84A7694D1ADAE39F00DE6741 /* Sources */,
				84A7694E1ADAE39F00DE6741 /* Frameworks */,
				84A7694F1ADAE39F00DE6741 /* Resources */,
			);
			buildRules = (
			);
			dependencies = (
			);
			name = Unroll2;
			productName = Unroll2;
			productReference = 84A769511ADAE39F00DE6741 /* Unroll2.app */;
			productType = "com.apple.product-type.application";
		};
		84A769691ADAE3A000DE6741 /* Unroll2Tests */ = {
			isa = PBXNativeTarget;
			buildConfigurationList = 84A769771ADAE3A000DE6741 /* Build configuration list for PBXNativeTarget "Unroll2Tests" */;
			buildPhases = (
				84A769661ADAE3A000DE6741 /* Sources */,
				84A769671ADAE3A000DE6741 /* Frameworks */,
				84A769681ADAE3A000DE6741 /* Resources */,
			);
			buildRules = (
			);
			dependencies = (
				84A7696C1ADAE3A000DE6741 /* PBXTargetDependency */,
			);
			name = Unroll2Tests;
			productName = Unroll2Tests;
			productReference = 84A7696A1ADAE3A000DE6741 /* Unroll2Tests.xctest */;
			productType = "com.apple.product-type.bundle.unit-test";
		};
/* End PBXNativeTarget section */

/* Begin PBXProject section */
		84A769491ADAE39F00DE6741 /* Project object */ = {
			isa = PBXProject;
			attributes = {
				CLASSPREFIX = PHN;
				LastUpgradeCheck = 0820;
				ORGANIZATIONNAME = Bluewraith;
				TargetAttributes = {
					84A769501ADAE39F00DE6741 = {
						CreatedOnToolsVersion = 6.2;
						DevelopmentTeam = KGV8B36NV2;
						LastSwiftMigration = 1020;
						ProvisioningStyle = Automatic;
					};
					84A769691ADAE3A000DE6741 = {
						CreatedOnToolsVersion = 6.2;
						TestTargetID = 84A769501ADAE39F00DE6741;
					};
				};
			};
			buildConfigurationList = 84A7694C1ADAE39F00DE6741 /* Build configuration list for PBXProject "Photo Notes" */;
			compatibilityVersion = "Xcode 3.2";
			developmentRegion = English;
			hasScannedForEncodings = 0;
			knownRegions = (
				English,
				en,
				Base,
			);
			mainGroup = 84A769481ADAE39F00DE6741;
			productRefGroup = 84A769521ADAE39F00DE6741 /* Products */;
			projectDirPath = "";
			projectRoot = "";
			targets = (
				84A769501ADAE39F00DE6741 /* Unroll2 */,
				84A769691ADAE3A000DE6741 /* Unroll2Tests */,
			);
		};
/* End PBXProject section */

/* Begin PBXResourcesBuildPhase section */
		84A7694F1ADAE39F00DE6741 /* Resources */ = {
			isa = PBXResourcesBuildPhase;
			buildActionMask = 2147483647;
			files = (
				750F7A49228E022300CA7E01 /* PHNAlbumListTableViewCell.xib in Resources */,
				751F2DF622D804A500DDCBEF /* PHNPhotoCell.xib in Resources */,
				7540EAAD22CFCA030000D60E /* PHNAlbumPickerViewController.xib in Resources */,
				752A624D22E0C03400E4A84D /* PHNFullImageViewController.xib in Resources */,
				84A769601ADAE39F00DE6741 /* Main.storyboard in Resources */,
				840852A61B5DA49E00664849 /* no_image.jpg in Resources */,
				758F55191E22AAC40023F869 /* IconStoryboard.storyboard in Resources */,
				84A769621ADAE39F00DE6741 /* Images.xcassets in Resources */,
				7540EAA022CFA8AE0000D60E /* PHNPopoverViewController.xib in Resources */,
			);
			runOnlyForDeploymentPostprocessing = 0;
		};
		84A769681ADAE3A000DE6741 /* Resources */ = {
			isa = PBXResourcesBuildPhase;
			buildActionMask = 2147483647;
			files = (
			);
			runOnlyForDeploymentPostprocessing = 0;
		};
/* End PBXResourcesBuildPhase section */

/* Begin PBXSourcesBuildPhase section */
		84A7694D1ADAE39F00DE6741 /* Sources */ = {
			isa = PBXSourcesBuildPhase;
			buildActionMask = 2147483647;
			files = (
				7540EA8E22C67CE60000D60E /* PHNAlbumsTableViewController.swift in Sources */,
				75AD4BBB250E70A4005990CC /* PHNAlbumsListViewModel.swift in Sources */,
				75D6433F22F4BF1E00AD6528 /* PHNPhotoGrabViewController.swift in Sources */,
				7540EA9E22CD5D180000D60E /* PHNPopoverViewController.swift in Sources */,
				75AD4BBD250E7481005990CC /* PHNUser.swift in Sources */,
				7540EA9C22CD545C0000D60E /* PHNAlbumListTableViewCell.swift in Sources */,
				7540EA9222CA7A430000D60E /* PHNPhotoAlbum.swift in Sources */,
				75AD4BB9250DE944005990CC /* PHNConfig.swift in Sources */,
				752A624F22E0E0B900E4A84D /* PHNFullImageViewController.swift in Sources */,
				75BD865C22F73F12006F4B91 /* PHNAlbumDetailViewController.swift in Sources */,
				75D22598275ABE59003D6EAD /* PHNAlbumsViewModel.swift in Sources */,
				751AE8B822D7CB75007CF2FE /* PHNGalleryViewController.swift in Sources */,
				75D6431F22F3918B00AD6528 /* PHNImportAlbumsViewController.swift in Sources */,
				75BD865A22F4E232006F4B91 /* PHNGrabCell.swift in Sources */,
				75D22596275ABCBE003D6EAD /* PHNAlbumsViewController.swift in Sources */,
				7540EA9022C67EEB0000D60E /* PhotoNote.swift in Sources */,
				75AAA4B223F2F9FA00F30F74 /* NetworkReachability.swift in Sources */,
				7540EA9822CC172E0000D60E /* PHNServices.swift in Sources */,
				752A624B22DD27F800E4A84D /* PHNPageImageViewController.swift in Sources */,
				75BD865E22F78721006F4B91 /* PHNSettingsViewController.swift in Sources */,
				7540EA9A22CD07C50000D60E /* PHNCache.swift in Sources */,
				7540EA9622CC0DD20000D60E /* PHNFileSerializer.swift in Sources */,
				7540EAAC22CFCA030000D60E /* PHNAlbumPickerViewController.swift in Sources */,
				751ADCAD22E8BF950053EC90 /* PHNHudView.swift in Sources */,
				7540EA9422CABD630000D60E /* PHNAlbumManager.swift in Sources */,
				751F2DF522D804A500DDCBEF /* PHNPhotoCell.swift in Sources */,
				751A7D3A22F8D67000F612DD /* AppDelegate.swift in Sources */,
			);
			runOnlyForDeploymentPostprocessing = 0;
		};
		84A769661ADAE3A000DE6741 /* Sources */ = {
			isa = PBXSourcesBuildPhase;
			buildActionMask = 2147483647;
			files = (
				84A769711ADAE3A000DE6741 /* Unroll2Tests.m in Sources */,
			);
			runOnlyForDeploymentPostprocessing = 0;
		};
/* End PBXSourcesBuildPhase section */

/* Begin PBXTargetDependency section */
		84A7696C1ADAE3A000DE6741 /* PBXTargetDependency */ = {
			isa = PBXTargetDependency;
			target = 84A769501ADAE39F00DE6741 /* Unroll2 */;
			targetProxy = 84A7696B1ADAE3A000DE6741 /* PBXContainerItemProxy */;
		};
/* End PBXTargetDependency section */

/* Begin PBXVariantGroup section */
		84A7695E1ADAE39F00DE6741 /* Main.storyboard */ = {
			isa = PBXVariantGroup;
			children = (
				84A7695F1ADAE39F00DE6741 /* Base */,
			);
			name = Main.storyboard;
			sourceTree = "<group>";
		};
/* End PBXVariantGroup section */

/* Begin XCBuildConfiguration section */
		84A769721ADAE3A000DE6741 /* Debug */ = {
			isa = XCBuildConfiguration;
			buildSettings = {
				ALWAYS_SEARCH_USER_PATHS = NO;
				CLANG_CXX_LANGUAGE_STANDARD = "gnu++0x";
				CLANG_CXX_LIBRARY = "libc++";
				CLANG_ENABLE_MODULES = YES;
				CLANG_ENABLE_OBJC_ARC = YES;
				CLANG_WARN_BOOL_CONVERSION = YES;
				CLANG_WARN_CONSTANT_CONVERSION = YES;
				CLANG_WARN_DIRECT_OBJC_ISA_USAGE = YES_ERROR;
				CLANG_WARN_EMPTY_BODY = YES;
				CLANG_WARN_ENUM_CONVERSION = YES;
				CLANG_WARN_INFINITE_RECURSION = YES;
				CLANG_WARN_INT_CONVERSION = YES;
				CLANG_WARN_OBJC_ROOT_CLASS = YES_ERROR;
				CLANG_WARN_SUSPICIOUS_MOVE = YES;
				CLANG_WARN_UNREACHABLE_CODE = YES;
				CLANG_WARN__DUPLICATE_METHOD_MATCH = YES;
				"CODE_SIGN_IDENTITY[sdk=iphoneos*]" = "iPhone Developer";
				COPY_PHASE_STRIP = NO;
				ENABLE_STRICT_OBJC_MSGSEND = YES;
				ENABLE_TESTABILITY = YES;
				GCC_C_LANGUAGE_STANDARD = gnu99;
				GCC_DYNAMIC_NO_PIC = NO;
				GCC_NO_COMMON_BLOCKS = YES;
				GCC_OPTIMIZATION_LEVEL = 0;
				GCC_PREPROCESSOR_DEFINITIONS = (
					"DEBUG=1",
					"$(inherited)",
				);
				GCC_SYMBOLS_PRIVATE_EXTERN = NO;
				GCC_TREAT_WARNINGS_AS_ERRORS = YES;
				GCC_WARN_64_TO_32_BIT_CONVERSION = YES;
				GCC_WARN_ABOUT_RETURN_TYPE = YES_ERROR;
				GCC_WARN_UNDECLARED_SELECTOR = YES;
				GCC_WARN_UNINITIALIZED_AUTOS = YES_AGGRESSIVE;
				GCC_WARN_UNUSED_FUNCTION = YES;
				GCC_WARN_UNUSED_VARIABLE = YES;
				IPHONEOS_DEPLOYMENT_TARGET = 12.0;
				MTL_ENABLE_DEBUG_INFO = YES;
				ONLY_ACTIVE_ARCH = YES;
				SDKROOT = iphoneos;
			};
			name = Debug;
		};
		84A769731ADAE3A000DE6741 /* Release */ = {
			isa = XCBuildConfiguration;
			buildSettings = {
				ALWAYS_SEARCH_USER_PATHS = NO;
				CLANG_CXX_LANGUAGE_STANDARD = "gnu++0x";
				CLANG_CXX_LIBRARY = "libc++";
				CLANG_ENABLE_MODULES = YES;
				CLANG_ENABLE_OBJC_ARC = YES;
				CLANG_WARN_BOOL_CONVERSION = YES;
				CLANG_WARN_CONSTANT_CONVERSION = YES;
				CLANG_WARN_DIRECT_OBJC_ISA_USAGE = YES_ERROR;
				CLANG_WARN_EMPTY_BODY = YES;
				CLANG_WARN_ENUM_CONVERSION = YES;
				CLANG_WARN_INFINITE_RECURSION = YES;
				CLANG_WARN_INT_CONVERSION = YES;
				CLANG_WARN_OBJC_ROOT_CLASS = YES_ERROR;
				CLANG_WARN_SUSPICIOUS_MOVE = YES;
				CLANG_WARN_UNREACHABLE_CODE = YES;
				CLANG_WARN__DUPLICATE_METHOD_MATCH = YES;
				"CODE_SIGN_IDENTITY[sdk=iphoneos*]" = "iPhone Developer";
				COPY_PHASE_STRIP = NO;
				ENABLE_NS_ASSERTIONS = NO;
				ENABLE_STRICT_OBJC_MSGSEND = YES;
				GCC_C_LANGUAGE_STANDARD = gnu99;
				GCC_NO_COMMON_BLOCKS = YES;
				GCC_TREAT_WARNINGS_AS_ERRORS = YES;
				GCC_WARN_64_TO_32_BIT_CONVERSION = YES;
				GCC_WARN_ABOUT_RETURN_TYPE = YES_ERROR;
				GCC_WARN_UNDECLARED_SELECTOR = YES;
				GCC_WARN_UNINITIALIZED_AUTOS = YES_AGGRESSIVE;
				GCC_WARN_UNUSED_FUNCTION = YES;
				GCC_WARN_UNUSED_VARIABLE = YES;
				IPHONEOS_DEPLOYMENT_TARGET = 12.0;
				MTL_ENABLE_DEBUG_INFO = NO;
				SDKROOT = iphoneos;
				VALIDATE_PRODUCT = YES;
			};
			name = Release;
		};
		84A769751ADAE3A000DE6741 /* Debug */ = {
			isa = XCBuildConfiguration;
			buildSettings = {
				ASSETCATALOG_COMPILER_APPICON_NAME = AppIcon;
				CLANG_ENABLE_MODULES = YES;
				CODE_SIGN_IDENTITY = "iPhone Distribution";
				"CODE_SIGN_IDENTITY[sdk=iphoneos*]" = "iPhone Developer";
				CODE_SIGN_STYLE = Automatic;
				DEVELOPMENT_TEAM = KGV8B36NV2;
				FRAMEWORK_SEARCH_PATHS = (
					"$(inherited)",
					"$(PROJECT_DIR)",
				);
				INFOPLIST_FILE = Unroll2/Info.plist;
				IPHONEOS_DEPLOYMENT_TARGET = 12.0;
				LD_RUNPATH_SEARCH_PATHS = "$(inherited) @executable_path/Frameworks";
				OTHER_SWIFT_FLAGS = "-DDEBUG";
				PRODUCT_BUNDLE_IDENTIFIER = "com.Desdinova.$(PRODUCT_NAME:rfc1034identifier)";
				PRODUCT_NAME = "$(TARGET_NAME)";
				PROVISIONING_PROFILE = "";
				PROVISIONING_PROFILE_SPECIFIER = "";
				SWIFT_OBJC_BRIDGING_HEADER = "";
				SWIFT_OPTIMIZATION_LEVEL = "-Onone";
				SWIFT_VERSION = 5.0;
				TARGETED_DEVICE_FAMILY = 1;
			};
			name = Debug;
		};
		84A769761ADAE3A000DE6741 /* Release */ = {
			isa = XCBuildConfiguration;
			buildSettings = {
				ASSETCATALOG_COMPILER_APPICON_NAME = AppIcon;
				CLANG_ENABLE_MODULES = YES;
				CODE_SIGN_IDENTITY = "iPhone Distribution";
				"CODE_SIGN_IDENTITY[sdk=iphoneos*]" = "iPhone Developer";
				CODE_SIGN_STYLE = Automatic;
				DEVELOPMENT_TEAM = KGV8B36NV2;
				FRAMEWORK_SEARCH_PATHS = (
					"$(inherited)",
					"$(PROJECT_DIR)",
				);
				INFOPLIST_FILE = Unroll2/Info.plist;
				IPHONEOS_DEPLOYMENT_TARGET = 12.0;
				LD_RUNPATH_SEARCH_PATHS = "$(inherited) @executable_path/Frameworks";
				OTHER_SWIFT_FLAGS = "";
				PRODUCT_BUNDLE_IDENTIFIER = "com.Desdinova.$(PRODUCT_NAME:rfc1034identifier)";
				PRODUCT_NAME = "$(TARGET_NAME)";
				PROVISIONING_PROFILE = "";
				PROVISIONING_PROFILE_SPECIFIER = "";
				SWIFT_OBJC_BRIDGING_HEADER = "";
				SWIFT_VERSION = 5.0;
				TARGETED_DEVICE_FAMILY = 1;
			};
			name = Release;
		};
		84A769781ADAE3A000DE6741 /* Debug */ = {
			isa = XCBuildConfiguration;
			buildSettings = {
				ALWAYS_EMBED_SWIFT_STANDARD_LIBRARIES = YES;
				BUNDLE_LOADER = "$(TEST_HOST)";
				FRAMEWORK_SEARCH_PATHS = (
					"$(SDKROOT)/Developer/Library/Frameworks",
					"$(inherited)",
				);
				GCC_PREPROCESSOR_DEFINITIONS = (
					"DEBUG=1",
					"$(inherited)",
				);
				INFOPLIST_FILE = Unroll2Tests/Info.plist;
				LD_RUNPATH_SEARCH_PATHS = "$(inherited) @executable_path/Frameworks @loader_path/Frameworks";
				PRODUCT_BUNDLE_IDENTIFIER = "com.Desdinova.$(PRODUCT_NAME:rfc1034identifier)";
				PRODUCT_NAME = "$(TARGET_NAME)";
				TEST_HOST = "$(BUILT_PRODUCTS_DIR)/Unroll2.app/Unroll2";
			};
			name = Debug;
		};
		84A769791ADAE3A000DE6741 /* Release */ = {
			isa = XCBuildConfiguration;
			buildSettings = {
				ALWAYS_EMBED_SWIFT_STANDARD_LIBRARIES = YES;
				BUNDLE_LOADER = "$(TEST_HOST)";
				FRAMEWORK_SEARCH_PATHS = (
					"$(SDKROOT)/Developer/Library/Frameworks",
					"$(inherited)",
				);
				INFOPLIST_FILE = Unroll2Tests/Info.plist;
				LD_RUNPATH_SEARCH_PATHS = "$(inherited) @executable_path/Frameworks @loader_path/Frameworks";
				PRODUCT_BUNDLE_IDENTIFIER = "com.Desdinova.$(PRODUCT_NAME:rfc1034identifier)";
				PRODUCT_NAME = "$(TARGET_NAME)";
				TEST_HOST = "$(BUILT_PRODUCTS_DIR)/Unroll2.app/Unroll2";
			};
			name = Release;
		};
/* End XCBuildConfiguration section */

/* Begin XCConfigurationList section */
		84A7694C1ADAE39F00DE6741 /* Build configuration list for PBXProject "Photo Notes" */ = {
			isa = XCConfigurationList;
			buildConfigurations = (
				84A769721ADAE3A000DE6741 /* Debug */,
				84A769731ADAE3A000DE6741 /* Release */,
			);
			defaultConfigurationIsVisible = 0;
			defaultConfigurationName = Release;
		};
		84A769741ADAE3A000DE6741 /* Build configuration list for PBXNativeTarget "Unroll2" */ = {
			isa = XCConfigurationList;
			buildConfigurations = (
				84A769751ADAE3A000DE6741 /* Debug */,
				84A769761ADAE3A000DE6741 /* Release */,
			);
			defaultConfigurationIsVisible = 0;
			defaultConfigurationName = Release;
		};
		84A769771ADAE3A000DE6741 /* Build configuration list for PBXNativeTarget "Unroll2Tests" */ = {
			isa = XCConfigurationList;
			buildConfigurations = (
				84A769781ADAE3A000DE6741 /* Debug */,
				84A769791ADAE3A000DE6741 /* Release */,
			);
			defaultConfigurationIsVisible = 0;
			defaultConfigurationName = Release;
		};
/* End XCConfigurationList section */
	};
	rootObject = 84A769491ADAE39F00DE6741 /* Project object */;
}
